
Microsoft Visual Studio Solution File, Format Version 12.00
# Visual Studio Version 16
VisualStudioVersion = 16.0.31702.278
MinimumVisualStudioVersion = 10.0.40219.1
Project("{FAE04EC0-301F-11D3-BF4B-00C04F79EFBC}") = "buoi5_1", "buoi5_1.csproj", "{C914CE55-6AF0-4421-941C-0355012EBB4F}"
EndProject
Global
	GlobalSection(SolutionConfigurationPlatforms) = preSolution
		Debug|Any CPU = Debug|Any CPU
		Release|Any CPU = Release|Any CPU
	EndGlobalSection
	GlobalSection(ProjectConfigurationPlatforms) = postSolution
		{C914CE55-6AF0-4421-941C-0355012EBB4F}.Debug|Any CPU.ActiveCfg = Debug|Any CPU
		{C914CE55-6AF0-4421-941C-0355012EBB4F}.Debug|Any CPU.Build.0 = Debug|Any CPU
		{C914CE55-6AF0-4421-941C-0355012EBB4F}.Release|Any CPU.ActiveCfg = Release|Any CPU
		{C914CE55-6AF0-4421-941C-0355012EBB4F}.Release|Any CPU.Build.0 = Release|Any CPU
	EndGlobalSection
	GlobalSection(SolutionProperties) = preSolution
		HideSolutionNode = FALSE
	EndGlobalSection
	GlobalSection(ExtensibilityGlobals) = postSolution
		SolutionGuid = {1482ED6A-4F53-4046-A599-71F25F2BF315}
	EndGlobalSection
EndGlobal
