
Microsoft Visual Studio Solution File, Format Version 12.00
# Visual Studio Version 16
VisualStudioVersion = 16.0.31702.278
MinimumVisualStudioVersion = 10.0.40219.1
Project("{FAE04EC0-301F-11D3-BF4B-00C04F79EFBC}") = "TranAnhTuanTH03", "TranAnhTuanTH03.csproj", "{08FD45DB-E2D6-4A62-B765-941CDD7EF3FA}"
EndProject
Global
	GlobalSection(SolutionConfigurationPlatforms) = preSolution
		Debug|Any CPU = Debug|Any CPU
		Release|Any CPU = Release|Any CPU
	EndGlobalSection
	GlobalSection(ProjectConfigurationPlatforms) = postSolution
		{08FD45DB-E2D6-4A62-B765-941CDD7EF3FA}.Debug|Any CPU.ActiveCfg = Debug|Any CPU
		{08FD45DB-E2D6-4A62-B765-941CDD7EF3FA}.Debug|Any CPU.Build.0 = Debug|Any CPU
		{08FD45DB-E2D6-4A62-B765-941CDD7EF3FA}.Release|Any CPU.ActiveCfg = Release|Any CPU
		{08FD45DB-E2D6-4A62-B765-941CDD7EF3FA}.Release|Any CPU.Build.0 = Release|Any CPU
	EndGlobalSection
	GlobalSection(SolutionProperties) = preSolution
		HideSolutionNode = FALSE
	EndGlobalSection
	GlobalSection(ExtensibilityGlobals) = postSolution
		SolutionGuid = {588099B5-3832-45AC-BE87-F91BD9029E45}
	EndGlobalSection
EndGlobal
