
Microsoft Visual Studio Solution File, Format Version 12.00
# Visual Studio Version 16
VisualStudioVersion = 16.0.31702.278
MinimumVisualStudioVersion = 10.0.40219.1
Project("{FAE04EC0-301F-11D3-BF4B-00C04F79EFBC}") = "buoi4", "buoi4.csproj", "{1F757558-44B9-4063-A329-A89761B02651}"
EndProject
Global
	GlobalSection(SolutionConfigurationPlatforms) = preSolution
		Debug|Any CPU = Debug|Any CPU
		Release|Any CPU = Release|Any CPU
	EndGlobalSection
	GlobalSection(ProjectConfigurationPlatforms) = postSolution
		{1F757558-44B9-4063-A329-A89761B02651}.Debug|Any CPU.ActiveCfg = Debug|Any CPU
		{1F757558-44B9-4063-A329-A89761B02651}.Debug|Any CPU.Build.0 = Debug|Any CPU
		{1F757558-44B9-4063-A329-A89761B02651}.Release|Any CPU.ActiveCfg = Release|Any CPU
		{1F757558-44B9-4063-A329-A89761B02651}.Release|Any CPU.Build.0 = Release|Any CPU
	EndGlobalSection
	GlobalSection(SolutionProperties) = preSolution
		HideSolutionNode = FALSE
	EndGlobalSection
	GlobalSection(ExtensibilityGlobals) = postSolution
		SolutionGuid = {3E9C7968-BCB9-43C6-B299-D681C0595A4A}
	EndGlobalSection
EndGlobal
