
Microsoft Visual Studio Solution File, Format Version 12.00
# Visual Studio Version 16
VisualStudioVersion = 16.0.31702.278
MinimumVisualStudioVersion = 10.0.40219.1
Project("{FAE04EC0-301F-11D3-BF4B-00C04F79EFBC}") = "buoi3-2", "buoi3-2.csproj", "{62DBA68D-2939-44D2-91D6-B564B2F06D54}"
EndProject
Global
	GlobalSection(SolutionConfigurationPlatforms) = preSolution
		Debug|Any CPU = Debug|Any CPU
		Release|Any CPU = Release|Any CPU
	EndGlobalSection
	GlobalSection(ProjectConfigurationPlatforms) = postSolution
		{62DBA68D-2939-44D2-91D6-B564B2F06D54}.Debug|Any CPU.ActiveCfg = Debug|Any CPU
		{62DBA68D-2939-44D2-91D6-B564B2F06D54}.Debug|Any CPU.Build.0 = Debug|Any CPU
		{62DBA68D-2939-44D2-91D6-B564B2F06D54}.Release|Any CPU.ActiveCfg = Release|Any CPU
		{62DBA68D-2939-44D2-91D6-B564B2F06D54}.Release|Any CPU.Build.0 = Release|Any CPU
	EndGlobalSection
	GlobalSection(SolutionProperties) = preSolution
		HideSolutionNode = FALSE
	EndGlobalSection
	GlobalSection(ExtensibilityGlobals) = postSolution
		SolutionGuid = {8C962F18-7140-4421-9B49-BF6F1AC746FF}
	EndGlobalSection
EndGlobal
